
Microsoft Visual Studio Solution File, Format Version 12.00
# Visual Studio Version 16
VisualStudioVersion = 16.0.29728.190
MinimumVisualStudioVersion = 10.0.40219.1
Project("{9A19103F-16F7-4668-BE54-9A1E7A4F7556}") = "SimpleConcepts.ValidationRules", "SimpleConcepts.ValidationRules\SimpleConcepts.ValidationRules.csproj", "{05CA016B-A254-47C5-8CD7-A95C9A73D00D}"
EndProject
Project("{9A19103F-16F7-4668-BE54-9A1E7A4F7556}") = "SimpleConcepts.ValidationRules.Tests", "SimpleConcepts.ValidationRules.Tests\SimpleConcepts.ValidationRules.Tests.csproj", "{A1DDBF92-9AE6-47BD-BF2D-8C70AE6B53F2}"
EndProject
Project("{2150E333-8FDC-42A3-9474-1A3956D46DE8}") = "Solution Items", "Solution Items", "{5E174E8B-40F2-4183-961B-D8C1E1B9715A}"
	ProjectSection(SolutionItems) = preProject
		.editorconfig = .editorconfig
	EndProjectSection
EndProject
Project("{FAE04EC0-301F-11D3-BF4B-00C04F79EFBC}") = "SimpleConcepts.ValidationRules.AppMetrics", "SimpleConcepts.ValidationRules.AppMetrics\SimpleConcepts.ValidationRules.AppMetrics.csproj", "{2AB7397E-9F95-4BCB-89BD-6A4DF0549EE0}"
EndProject
Global
	GlobalSection(SolutionConfigurationPlatforms) = preSolution
		Debug|Any CPU = Debug|Any CPU
		Release|Any CPU = Release|Any CPU
	EndGlobalSection
	GlobalSection(ProjectConfigurationPlatforms) = postSolution
		{05CA016B-A254-47C5-8CD7-A95C9A73D00D}.Debug|Any CPU.ActiveCfg = Debug|Any CPU
		{05CA016B-A254-47C5-8CD7-A95C9A73D00D}.Debug|Any CPU.Build.0 = Debug|Any CPU
		{05CA016B-A254-47C5-8CD7-A95C9A73D00D}.Release|Any CPU.ActiveCfg = Release|Any CPU
		{05CA016B-A254-47C5-8CD7-A95C9A73D00D}.Release|Any CPU.Build.0 = Release|Any CPU
		{A1DDBF92-9AE6-47BD-BF2D-8C70AE6B53F2}.Debug|Any CPU.ActiveCfg = Debug|Any CPU
		{A1DDBF92-9AE6-47BD-BF2D-8C70AE6B53F2}.Debug|Any CPU.Build.0 = Debug|Any CPU
		{A1DDBF92-9AE6-47BD-BF2D-8C70AE6B53F2}.Release|Any CPU.ActiveCfg = Release|Any CPU
		{A1DDBF92-9AE6-47BD-BF2D-8C70AE6B53F2}.Release|Any CPU.Build.0 = Release|Any CPU
		{2AB7397E-9F95-4BCB-89BD-6A4DF0549EE0}.Debug|Any CPU.ActiveCfg = Debug|Any CPU
		{2AB7397E-9F95-4BCB-89BD-6A4DF0549EE0}.Debug|Any CPU.Build.0 = Debug|Any CPU
		{2AB7397E-9F95-4BCB-89BD-6A4DF0549EE0}.Release|Any CPU.ActiveCfg = Release|Any CPU
		{2AB7397E-9F95-4BCB-89BD-6A4DF0549EE0}.Release|Any CPU.Build.0 = Release|Any CPU
	EndGlobalSection
	GlobalSection(SolutionProperties) = preSolution
		HideSolutionNode = FALSE
	EndGlobalSection
	GlobalSection(ExtensibilityGlobals) = postSolution
		SolutionGuid = {DD7773E9-BAF4-4513-93AE-02B63D413197}
	EndGlobalSection
EndGlobal
